// !$*UTF8*$!
{
	archiveVersion = 1;
	classes = {
	};
	objectVersion = 50;
	objects = {

/* Begin PBXBuildFile section */
		F92ED63B2701C9150067B4B5 /* JSDImpurityCode in Resources */ = {isa = PBXBuildFile; fileRef = F92ED63A2701C9150067B4B5 /* JSDImpurityCode */; };
		F92ED6442702B8570067B4B5 /* STPrivilegedTask.m in Sources */ = {isa = PBXBuildFile; fileRef = F92ED6432702B8570067B4B5 /* STPrivilegedTask.m */; };
		F95B91BD27015BB300C1FFD2 /* resource.txt in Resources */ = {isa = PBXBuildFile; fileRef = F95B91BC27015BB300C1FFD2 /* resource.txt */; };
		F97D1DB926EF593E006E143C /* JSDTools.m in Sources */ = {isa = PBXBuildFile; fileRef = F97D1DB826EF593E006E143C /* JSDTools.m */; };
		F97D1DBE26F0413E006E143C /* Automator.framework in Frameworks */ = {isa = PBXBuildFile; fileRef = F97D1DBC26F03C43006E143C /* Automator.framework */; };
		F9EDFC4926E9BA0600B0503A /* AppDelegate.m in Sources */ = {isa = PBXBuildFile; fileRef = F9EDFC4826E9BA0600B0503A /* AppDelegate.m */; };
		F9EDFC4C26E9BA0600B0503A /* ViewController.m in Sources */ = {isa = PBXBuildFile; fileRef = F9EDFC4B26E9BA0600B0503A /* ViewController.m */; };
		F9EDFC4E26E9BA0800B0503A /* Assets.xcassets in Resources */ = {isa = PBXBuildFile; fileRef = F9EDFC4D26E9BA0800B0503A /* Assets.xcassets */; };
		F9EDFC5126E9BA0800B0503A /* Main.storyboard in Resources */ = {isa = PBXBuildFile; fileRef = F9EDFC4F26E9BA0800B0503A /* Main.storyboard */; };
		F9EDFC5426E9BA0800B0503A /* main.m in Sources */ = {isa = PBXBuildFile; fileRef = F9EDFC5326E9BA0800B0503A /* main.m */; };
		F9EDFC6326EA011100B0503A /* JSDFunctionViewController.m in Sources */ = {isa = PBXBuildFile; fileRef = F9EDFC6126EA011100B0503A /* JSDFunctionViewController.m */; };
		F9EDFC6426EA011100B0503A /* JSDFunctionViewController.xib in Resources */ = {isa = PBXBuildFile; fileRef = F9EDFC6226EA011100B0503A /* JSDFunctionViewController.xib */; };
		F9EDFC6926EA1CEB00B0503A /* JSDImpurityCodeView.m in Sources */ = {isa = PBXBuildFile; fileRef = F9EDFC6726EA1CEB00B0503A /* JSDImpurityCodeView.m */; };
		F9EDFC6A26EA1CEB00B0503A /* JSDImpurityCodeView.xib in Resources */ = {isa = PBXBuildFile; fileRef = F9EDFC6826EA1CEB00B0503A /* JSDImpurityCodeView.xib */; };
/* End PBXBuildFile section */

/* Begin PBXFileReference section */
		F92ED6362701B5BA0067B4B5 /* Python3.framework */ = {isa = PBXFileReference; lastKnownFileType = wrapper.framework; name = Python3.framework; path = Library/Frameworks/Python3.framework; sourceTree = DEVELOPER_DIR; };
		F92ED63A2701C9150067B4B5 /* JSDImpurityCode */ = {isa = PBXFileReference; lastKnownFileType = "compiled.mach-o.executable"; path = JSDImpurityCode; sourceTree = "<group>"; };
		F92ED6422702B8570067B4B5 /* STPrivilegedTask.h */ = {isa = PBXFileReference; fileEncoding = 4; lastKnownFileType = sourcecode.c.h; path = STPrivilegedTask.h; sourceTree = "<group>"; };
		F92ED6432702B8570067B4B5 /* STPrivilegedTask.m */ = {isa = PBXFileReference; fileEncoding = 4; lastKnownFileType = sourcecode.c.objc; path = STPrivilegedTask.m; sourceTree = "<group>"; };
		F95B91BC27015BB300C1FFD2 /* resource.txt */ = {isa = PBXFileReference; fileEncoding = 4; lastKnownFileType = text; path = resource.txt; sourceTree = "<group>"; };
		F97D1DB726EF593E006E143C /* JSDTools.h */ = {isa = PBXFileReference; lastKnownFileType = sourcecode.c.h; path = JSDTools.h; sourceTree = "<group>"; };
		F97D1DB826EF593E006E143C /* JSDTools.m */ = {isa = PBXFileReference; lastKnownFileType = sourcecode.c.objc; path = JSDTools.m; sourceTree = "<group>"; };
		F97D1DBA26EF5A1B006E143C /* JSDPrefixHeader.pch */ = {isa = PBXFileReference; lastKnownFileType = sourcecode.c.h; path = JSDPrefixHeader.pch; sourceTree = "<group>"; };
		F97D1DBC26F03C43006E143C /* Automator.framework */ = {isa = PBXFileReference; lastKnownFileType = wrapper.framework; name = Automator.framework; path = System/Library/Frameworks/Automator.framework; sourceTree = SDKROOT; };
		F9EDFC4426E9BA0600B0503A /* JSDMixTools.app */ = {isa = PBXFileReference; explicitFileType = wrapper.application; includeInIndex = 0; path = JSDMixTools.app; sourceTree = BUILT_PRODUCTS_DIR; };
		F9EDFC4726E9BA0600B0503A /* AppDelegate.h */ = {isa = PBXFileReference; lastKnownFileType = sourcecode.c.h; path = AppDelegate.h; sourceTree = "<group>"; };
		F9EDFC4826E9BA0600B0503A /* AppDelegate.m */ = {isa = PBXFileReference; lastKnownFileType = sourcecode.c.objc; path = AppDelegate.m; sourceTree = "<group>"; };
		F9EDFC4A26E9BA0600B0503A /* ViewController.h */ = {isa = PBXFileReference; lastKnownFileType = sourcecode.c.h; path = ViewController.h; sourceTree = "<group>"; };
		F9EDFC4B26E9BA0600B0503A /* ViewController.m */ = {isa = PBXFileReference; lastKnownFileType = sourcecode.c.objc; path = ViewController.m; sourceTree = "<group>"; };
		F9EDFC4D26E9BA0800B0503A /* Assets.xcassets */ = {isa = PBXFileReference; lastKnownFileType = folder.assetcatalog; path = Assets.xcassets; sourceTree = "<group>"; };
		F9EDFC5026E9BA0800B0503A /* Base */ = {isa = PBXFileReference; lastKnownFileType = file.storyboard; name = Base; path = Base.lproj/Main.storyboard; sourceTree = "<group>"; };
		F9EDFC5226E9BA0800B0503A /* Info.plist */ = {isa = PBXFileReference; lastKnownFileType = text.plist.xml; path = Info.plist; sourceTree = "<group>"; };
		F9EDFC5326E9BA0800B0503A /* main.m */ = {isa = PBXFileReference; lastKnownFileType = sourcecode.c.objc; path = main.m; sourceTree = "<group>"; };
		F9EDFC5526E9BA0800B0503A /* JSDMixTools.entitlements */ = {isa = PBXFileReference; lastKnownFileType = text.plist.entitlements; path = JSDMixTools.entitlements; sourceTree = "<group>"; };
		F9EDFC6026EA011100B0503A /* JSDFunctionViewController.h */ = {isa = PBXFileReference; lastKnownFileType = sourcecode.c.h; path = JSDFunctionViewController.h; sourceTree = "<group>"; };
		F9EDFC6126EA011100B0503A /* JSDFunctionViewController.m */ = {isa = PBXFileReference; lastKnownFileType = sourcecode.c.objc; path = JSDFunctionViewController.m; sourceTree = "<group>"; };
		F9EDFC6226EA011100B0503A /* JSDFunctionViewController.xib */ = {isa = PBXFileReference; lastKnownFileType = file.xib; path = JSDFunctionViewController.xib; sourceTree = "<group>"; };
		F9EDFC6626EA1CEB00B0503A /* JSDImpurityCodeView.h */ = {isa = PBXFileReference; lastKnownFileType = sourcecode.c.h; path = JSDImpurityCodeView.h; sourceTree = "<group>"; };
		F9EDFC6726EA1CEB00B0503A /* JSDImpurityCodeView.m */ = {isa = PBXFileReference; lastKnownFileType = sourcecode.c.objc; path = JSDImpurityCodeView.m; sourceTree = "<group>"; };
		F9EDFC6826EA1CEB00B0503A /* JSDImpurityCodeView.xib */ = {isa = PBXFileReference; lastKnownFileType = file.xib; path = JSDImpurityCodeView.xib; sourceTree = "<group>"; };
/* End PBXFileReference section */

/* Begin PBXFrameworksBuildPhase section */
		F9EDFC4126E9BA0600B0503A /* Frameworks */ = {
			isa = PBXFrameworksBuildPhase;
			buildActionMask = 2147483647;
			files = (
				F97D1DBE26F0413E006E143C /* Automator.framework in Frameworks */,
			);
			runOnlyForDeploymentPostprocessing = 0;
		};
/* End PBXFrameworksBuildPhase section */

/* Begin PBXGroup section */
		F97D1DB626EF5916006E143C /* JSDTools */ = {
			isa = PBXGroup;
			children = (
				F97D1DB726EF593E006E143C /* JSDTools.h */,
				F97D1DB826EF593E006E143C /* JSDTools.m */,
				F92ED6422702B8570067B4B5 /* STPrivilegedTask.h */,
				F92ED6432702B8570067B4B5 /* STPrivilegedTask.m */,
			);
			path = JSDTools;
			sourceTree = "<group>";
		};
		F97D1DBB26F03C43006E143C /* Frameworks */ = {
			isa = PBXGroup;
			children = (
				F92ED6362701B5BA0067B4B5 /* Python3.framework */,
				F97D1DBC26F03C43006E143C /* Automator.framework */,
			);
			name = Frameworks;
			sourceTree = "<group>";
		};
		F97D1DC126F05047006E143C /* JSDSource */ = {
			isa = PBXGroup;
			children = (
				F92ED63A2701C9150067B4B5 /* JSDImpurityCode */,
				F95B91BC27015BB300C1FFD2 /* resource.txt */,
			);
			path = JSDSource;
			sourceTree = "<group>";
		};
		F9EDFC3B26E9BA0600B0503A = {
			isa = PBXGroup;
			children = (
				F9EDFC4626E9BA0600B0503A /* JSDMixTools */,
				F9EDFC4526E9BA0600B0503A /* Products */,
				F97D1DBB26F03C43006E143C /* Frameworks */,
			);
			sourceTree = "<group>";
		};
		F9EDFC4526E9BA0600B0503A /* Products */ = {
			isa = PBXGroup;
			children = (
				F9EDFC4426E9BA0600B0503A /* JSDMixTools.app */,
			);
			name = Products;
			sourceTree = "<group>";
		};
		F9EDFC4626E9BA0600B0503A /* JSDMixTools */ = {
			isa = PBXGroup;
			children = (
				F97D1DC126F05047006E143C /* JSDSource */,
				F97D1DB626EF5916006E143C /* JSDTools */,
				F9EDFC6526EA1C8300B0503A /* JSDImpurityCode */,
				F9EDFC5F26EA00AB00B0503A /* JSDFunction */,
				F9EDFC4726E9BA0600B0503A /* AppDelegate.h */,
				F9EDFC4826E9BA0600B0503A /* AppDelegate.m */,
				F9EDFC4A26E9BA0600B0503A /* ViewController.h */,
				F9EDFC4B26E9BA0600B0503A /* ViewController.m */,
				F9EDFC4D26E9BA0800B0503A /* Assets.xcassets */,
				F9EDFC4F26E9BA0800B0503A /* Main.storyboard */,
				F97D1DBA26EF5A1B006E143C /* JSDPrefixHeader.pch */,
				F9EDFC5226E9BA0800B0503A /* Info.plist */,
				F9EDFC5326E9BA0800B0503A /* main.m */,
				F9EDFC5526E9BA0800B0503A /* JSDMixTools.entitlements */,
			);
			path = JSDMixTools;
			sourceTree = "<group>";
		};
		F9EDFC5F26EA00AB00B0503A /* JSDFunction */ = {
			isa = PBXGroup;
			children = (
				F9EDFC6026EA011100B0503A /* JSDFunctionViewController.h */,
				F9EDFC6126EA011100B0503A /* JSDFunctionViewController.m */,
				F9EDFC6226EA011100B0503A /* JSDFunctionViewController.xib */,
			);
			path = JSDFunction;
			sourceTree = "<group>";
		};
		F9EDFC6526EA1C8300B0503A /* JSDImpurityCode */ = {
			isa = PBXGroup;
			children = (
				F9EDFC6626EA1CEB00B0503A /* JSDImpurityCodeView.h */,
				F9EDFC6726EA1CEB00B0503A /* JSDImpurityCodeView.m */,
				F9EDFC6826EA1CEB00B0503A /* JSDImpurityCodeView.xib */,
			);
			path = JSDImpurityCode;
			sourceTree = "<group>";
		};
/* End PBXGroup section */

/* Begin PBXNativeTarget section */
		F9EDFC4326E9BA0600B0503A /* JSDMixTools */ = {
			isa = PBXNativeTarget;
			buildConfigurationList = F9EDFC5826E9BA0800B0503A /* Build configuration list for PBXNativeTarget "JSDMixTools" */;
			buildPhases = (
				F9EDFC4026E9BA0600B0503A /* Sources */,
				F9EDFC4126E9BA0600B0503A /* Frameworks */,
				F9EDFC4226E9BA0600B0503A /* Resources */,
			);
			buildRules = (
			);
			dependencies = (
			);
			name = JSDMixTools;
			productName = JSDMixTools;
			productReference = F9EDFC4426E9BA0600B0503A /* JSDMixTools.app */;
			productType = "com.apple.product-type.application";
		};
/* End PBXNativeTarget section */

/* Begin PBXProject section */
		F9EDFC3C26E9BA0600B0503A /* Project object */ = {
			isa = PBXProject;
			attributes = {
				CLASSPREFIX = JSD;
				LastUpgradeCheck = 1250;
				ORGANIZATIONNAME = Jiashedi;
				TargetAttributes = {
					F9EDFC4326E9BA0600B0503A = {
						CreatedOnToolsVersion = 12.5.1;
					};
				};
			};
			buildConfigurationList = F9EDFC3F26E9BA0600B0503A /* Build configuration list for PBXProject "JSDMixTools" */;
			compatibilityVersion = "Xcode 9.3";
			developmentRegion = en;
			hasScannedForEncodings = 0;
			knownRegions = (
				en,
				Base,
			);
			mainGroup = F9EDFC3B26E9BA0600B0503A;
			productRefGroup = F9EDFC4526E9BA0600B0503A /* Products */;
			projectDirPath = "";
			projectRoot = "";
			targets = (
				F9EDFC4326E9BA0600B0503A /* JSDMixTools */,
			);
		};
/* End PBXProject section */

/* Begin PBXResourcesBuildPhase section */
		F9EDFC4226E9BA0600B0503A /* Resources */ = {
			isa = PBXResourcesBuildPhase;
			buildActionMask = 2147483647;
			files = (
				F92ED63B2701C9150067B4B5 /* JSDImpurityCode in Resources */,
				F9EDFC4E26E9BA0800B0503A /* Assets.xcassets in Resources */,
				F9EDFC6426EA011100B0503A /* JSDFunctionViewController.xib in Resources */,
				F9EDFC6A26EA1CEB00B0503A /* JSDImpurityCodeView.xib in Resources */,
				F95B91BD27015BB300C1FFD2 /* resource.txt in Resources */,
				F9EDFC5126E9BA0800B0503A /* Main.storyboard in Resources */,
			);
			runOnlyForDeploymentPostprocessing = 0;
		};
/* End PBXResourcesBuildPhase section */

/* Begin PBXSourcesBuildPhase section */
		F9EDFC4026E9BA0600B0503A /* Sources */ = {
			isa = PBXSourcesBuildPhase;
			buildActionMask = 2147483647;
			files = (
				F9EDFC6326EA011100B0503A /* JSDFunctionViewController.m in Sources */,
				F9EDFC6926EA1CEB00B0503A /* JSDImpurityCodeView.m in Sources */,
				F9EDFC4C26E9BA0600B0503A /* ViewController.m in Sources */,
				F97D1DB926EF593E006E143C /* JSDTools.m in Sources */,
				F9EDFC5426E9BA0800B0503A /* main.m in Sources */,
				F92ED6442702B8570067B4B5 /* STPrivilegedTask.m in Sources */,
				F9EDFC4926E9BA0600B0503A /* AppDelegate.m in Sources */,
			);
			runOnlyForDeploymentPostprocessing = 0;
		};
/* End PBXSourcesBuildPhase section */

/* Begin PBXVariantGroup section */
		F9EDFC4F26E9BA0800B0503A /* Main.storyboard */ = {
			isa = PBXVariantGroup;
			children = (
				F9EDFC5026E9BA0800B0503A /* Base */,
			);
			name = Main.storyboard;
			sourceTree = "<group>";
		};
/* End PBXVariantGroup section */

/* Begin XCBuildConfiguration section */
		F9EDFC5626E9BA0800B0503A /* Debug */ = {
			isa = XCBuildConfiguration;
			buildSettings = {
				ALWAYS_SEARCH_USER_PATHS = NO;
				CLANG_ANALYZER_NONNULL = YES;
				CLANG_ANALYZER_NUMBER_OBJECT_CONVERSION = YES_AGGRESSIVE;
				CLANG_CXX_LANGUAGE_STANDARD = "gnu++14";
				CLANG_CXX_LIBRARY = "libc++";
				CLANG_ENABLE_MODULES = YES;
				CLANG_ENABLE_OBJC_ARC = YES;
				CLANG_ENABLE_OBJC_WEAK = YES;
				CLANG_WARN_BLOCK_CAPTURE_AUTORELEASING = YES;
				CLANG_WARN_BOOL_CONVERSION = YES;
				CLANG_WARN_COMMA = YES;
				CLANG_WARN_CONSTANT_CONVERSION = YES;
				CLANG_WARN_DEPRECATED_OBJC_IMPLEMENTATIONS = YES;
				CLANG_WARN_DIRECT_OBJC_ISA_USAGE = YES_ERROR;
				CLANG_WARN_DOCUMENTATION_COMMENTS = YES;
				CLANG_WARN_EMPTY_BODY = YES;
				CLANG_WARN_ENUM_CONVERSION = YES;
				CLANG_WARN_INFINITE_RECURSION = YES;
				CLANG_WARN_INT_CONVERSION = YES;
				CLANG_WARN_NON_LITERAL_NULL_CONVERSION = YES;
				CLANG_WARN_OBJC_IMPLICIT_RETAIN_SELF = YES;
				CLANG_WARN_OBJC_LITERAL_CONVERSION = YES;
				CLANG_WARN_OBJC_ROOT_CLASS = YES_ERROR;
				CLANG_WARN_QUOTED_INCLUDE_IN_FRAMEWORK_HEADER = YES;
				CLANG_WARN_RANGE_LOOP_ANALYSIS = YES;
				CLANG_WARN_STRICT_PROTOTYPES = YES;
				CLANG_WARN_SUSPICIOUS_MOVE = YES;
				CLANG_WARN_UNGUARDED_AVAILABILITY = YES_AGGRESSIVE;
				CLANG_WARN_UNREACHABLE_CODE = YES;
				CLANG_WARN__DUPLICATE_METHOD_MATCH = YES;
				COPY_PHASE_STRIP = NO;
				DEBUG_INFORMATION_FORMAT = dwarf;
				ENABLE_STRICT_OBJC_MSGSEND = YES;
				ENABLE_TESTABILITY = YES;
				GCC_C_LANGUAGE_STANDARD = gnu11;
				GCC_DYNAMIC_NO_PIC = NO;
				GCC_NO_COMMON_BLOCKS = YES;
				GCC_OPTIMIZATION_LEVEL = 0;
				GCC_PREPROCESSOR_DEFINITIONS = (
					"DEBUG=1",
					"$(inherited)",
				);
				GCC_WARN_64_TO_32_BIT_CONVERSION = YES;
				GCC_WARN_ABOUT_RETURN_TYPE = YES_ERROR;
				GCC_WARN_UNDECLARED_SELECTOR = YES;
				GCC_WARN_UNINITIALIZED_AUTOS = YES_AGGRESSIVE;
				GCC_WARN_UNUSED_FUNCTION = YES;
				GCC_WARN_UNUSED_VARIABLE = YES;
				MACOSX_DEPLOYMENT_TARGET = 10.10;
				MTL_ENABLE_DEBUG_INFO = INCLUDE_SOURCE;
				MTL_FAST_MATH = YES;
				ONLY_ACTIVE_ARCH = YES;
				SDKROOT = macosx;
			};
			name = Debug;
		};
		F9EDFC5726E9BA0800B0503A /* Release */ = {
			isa = XCBuildConfiguration;
			buildSettings = {
				ALWAYS_SEARCH_USER_PATHS = NO;
				CLANG_ANALYZER_NONNULL = YES;
				CLANG_ANALYZER_NUMBER_OBJECT_CONVERSION = YES_AGGRESSIVE;
				CLANG_CXX_LANGUAGE_STANDARD = "gnu++14";
				CLANG_CXX_LIBRARY = "libc++";
				CLANG_ENABLE_MODULES = YES;
				CLANG_ENABLE_OBJC_ARC = YES;
				CLANG_ENABLE_OBJC_WEAK = YES;
				CLANG_WARN_BLOCK_CAPTURE_AUTORELEASING = YES;
				CLANG_WARN_BOOL_CONVERSION = YES;
				CLANG_WARN_COMMA = YES;
				CLANG_WARN_CONSTANT_CONVERSION = YES;
				CLANG_WARN_DEPRECATED_OBJC_IMPLEMENTATIONS = YES;
				CLANG_WARN_DIRECT_OBJC_ISA_USAGE = YES_ERROR;
				CLANG_WARN_DOCUMENTATION_COMMENTS = YES;
				CLANG_WARN_EMPTY_BODY = YES;
				CLANG_WARN_ENUM_CONVERSION = YES;
				CLANG_WARN_INFINITE_RECURSION = YES;
				CLANG_WARN_INT_CONVERSION = YES;
				CLANG_WARN_NON_LITERAL_NULL_CONVERSION = YES;
				CLANG_WARN_OBJC_IMPLICIT_RETAIN_SELF = YES;
				CLANG_WARN_OBJC_LITERAL_CONVERSION = YES;
				CLANG_WARN_OBJC_ROOT_CLASS = YES_ERROR;
				CLANG_WARN_QUOTED_INCLUDE_IN_FRAMEWORK_HEADER = YES;
				CLANG_WARN_RANGE_LOOP_ANALYSIS = YES;
				CLANG_WARN_STRICT_PROTOTYPES = YES;
				CLANG_WARN_SUSPICIOUS_MOVE = YES;
				CLANG_WARN_UNGUARDED_AVAILABILITY = YES_AGGRESSIVE;
				CLANG_WARN_UNREACHABLE_CODE = YES;
				CLANG_WARN__DUPLICATE_METHOD_MATCH = YES;
				COPY_PHASE_STRIP = NO;
				DEBUG_INFORMATION_FORMAT = "dwarf-with-dsym";
				ENABLE_NS_ASSERTIONS = NO;
				ENABLE_STRICT_OBJC_MSGSEND = YES;
				GCC_C_LANGUAGE_STANDARD = gnu11;
				GCC_NO_COMMON_BLOCKS = YES;
				GCC_WARN_64_TO_32_BIT_CONVERSION = YES;
				GCC_WARN_ABOUT_RETURN_TYPE = YES_ERROR;
				GCC_WARN_UNDECLARED_SELECTOR = YES;
				GCC_WARN_UNINITIALIZED_AUTOS = YES_AGGRESSIVE;
				GCC_WARN_UNUSED_FUNCTION = YES;
				GCC_WARN_UNUSED_VARIABLE = YES;
				MACOSX_DEPLOYMENT_TARGET = 10.10;
				MTL_ENABLE_DEBUG_INFO = NO;
				MTL_FAST_MATH = YES;
				SDKROOT = macosx;
			};
			name = Release;
		};
		F9EDFC5926E9BA0800B0503A /* Debug */ = {
			isa = XCBuildConfiguration;
			buildSettings = {
				ASSETCATALOG_COMPILER_APPICON_NAME = AppIcon;
				ASSETCATALOG_COMPILER_GLOBAL_ACCENT_COLOR_NAME = AccentColor;
				CODE_SIGN_ENTITLEMENTS = JSDMixTools/JSDMixTools.entitlements;
				CODE_SIGN_IDENTITY = "Apple Development";
				CODE_SIGN_STYLE = Automatic;
				COMBINE_HIDPI_IMAGES = YES;
				DEVELOPMENT_TEAM = 3CVL4GKL83;
				ENABLE_HARDENED_RUNTIME = NO;
				GCC_PRECOMPILE_PREFIX_HEADER = YES;
				GCC_PREFIX_HEADER = "$(SRCROOT)/JSDMixTools/JSDPrefixHeader.pch";
				INFOPLIST_FILE = JSDMixTools/Info.plist;
				LD_RUNPATH_SEARCH_PATHS = (
					"$(inherited)",
					"@executable_path/../Frameworks",
				);
				MACOSX_DEPLOYMENT_TARGET = 10.10;
				PRODUCT_BUNDLE_IDENTIFIER = jiashedi.JSDMixTools;
				PRODUCT_NAME = "$(TARGET_NAME)";
			};
			name = Debug;
		};
		F9EDFC5A26E9BA0800B0503A /* Release */ = {
			isa = XCBuildConfiguration;
			buildSettings = {
				ASSETCATALOG_COMPILER_APPICON_NAME = AppIcon;
				ASSETCATALOG_COMPILER_GLOBAL_ACCENT_COLOR_NAME = AccentColor;
				CODE_SIGN_ENTITLEMENTS = JSDMixTools/JSDMixTools.entitlements;
				CODE_SIGN_IDENTITY = "Apple Development";
				CODE_SIGN_STYLE = Automatic;
				COMBINE_HIDPI_IMAGES = YES;
				DEVELOPMENT_TEAM = 3CVL4GKL83;
				ENABLE_HARDENED_RUNTIME = NO;
				GCC_PRECOMPILE_PREFIX_HEADER = YES;
				GCC_PREFIX_HEADER = "$(SRCROOT)/JSDMixTools/JSDPrefixHeader.pch";
				INFOPLIST_FILE = JSDMixTools/Info.plist;
				LD_RUNPATH_SEARCH_PATHS = (
					"$(inherited)",
					"@executable_path/../Frameworks",
				);
				MACOSX_DEPLOYMENT_TARGET = 10.10;
				PRODUCT_BUNDLE_IDENTIFIER = jiashedi.JSDMixTools;
				PRODUCT_NAME = "$(TARGET_NAME)";
			};
			name = Release;
		};
/* End XCBuildConfiguration section */

/* Begin XCConfigurationList section */
		F9EDFC3F26E9BA0600B0503A /* Build configuration list for PBXProject "JSDMixTools" */ = {
			isa = XCConfigurationList;
			buildConfigurations = (
				F9EDFC5626E9BA0800B0503A /* Debug */,
				F9EDFC5726E9BA0800B0503A /* Release */,
			);
			defaultConfigurationIsVisible = 0;
			defaultConfigurationName = Release;
		};
		F9EDFC5826E9BA0800B0503A /* Build configuration list for PBXNativeTarget "JSDMixTools" */ = {
			isa = XCConfigurationList;
			buildConfigurations = (
				F9EDFC5926E9BA0800B0503A /* Debug */,
				F9EDFC5A26E9BA0800B0503A /* Release */,
			);
			defaultConfigurationIsVisible = 0;
			defaultConfigurationName = Release;
		};
/* End XCConfigurationList section */
	};
	rootObject = F9EDFC3C26E9BA0600B0503A /* Project object */;
}
